
Microsoft Visual Studio Solution File, Format Version 10.00
# Visual Studio 2008
Project("{8BC9CEB8-8B4A-11D0-8D11-00A0C91BC942}") = "XercesLib", "xml\xerces-c-3.0.1\projects\Win32\VC9\xerces-all\XercesLib\XercesLib.vcproj", "{152CE948-F659-4206-A50A-1D2B9658EF96}"
EndProject
Project("{8BC9CEB8-8B4A-11D0-8D11-00A0C91BC942}") = "log4cpp", "log\log4cpp-1.1\msvc6\log4cpp\log4cpp.vcproj", "{3CD4344E-D203-47E0-B97C-1870FD73C936}"
EndProject
Project("{8BC9CEB8-8B4A-11D0-8D11-00A0C91BC942}") = "log4c-win32-static", "log\log4c-1.2.1\build\vc8\log4c-win32-static\log4c-win32-static.vcproj", "{9D6A61F3-3E5F-4CA2-A640-BD6FF0FFDDE2}"
EndProject
Global
	GlobalSection(SolutionConfigurationPlatforms) = preSolution
		Debug|Win32 = Debug|Win32
		ICU Debug|Win32 = ICU Debug|Win32
		ICU Release|Win32 = ICU Release|Win32
		Release|Win32 = Release|Win32
		Static Debug|Win32 = Static Debug|Win32
		Static Release|Win32 = Static Release|Win32
	EndGlobalSection
	GlobalSection(ProjectConfigurationPlatforms) = postSolution
		{152CE948-F659-4206-A50A-1D2B9658EF96}.Debug|Win32.ActiveCfg = Debug|Win32
		{152CE948-F659-4206-A50A-1D2B9658EF96}.Debug|Win32.Build.0 = Debug|Win32
		{152CE948-F659-4206-A50A-1D2B9658EF96}.ICU Debug|Win32.ActiveCfg = ICU Debug|Win32
		{152CE948-F659-4206-A50A-1D2B9658EF96}.ICU Debug|Win32.Build.0 = ICU Debug|Win32
		{152CE948-F659-4206-A50A-1D2B9658EF96}.ICU Release|Win32.ActiveCfg = ICU Release|Win32
		{152CE948-F659-4206-A50A-1D2B9658EF96}.ICU Release|Win32.Build.0 = ICU Release|Win32
		{152CE948-F659-4206-A50A-1D2B9658EF96}.Release|Win32.ActiveCfg = Release|Win32
		{152CE948-F659-4206-A50A-1D2B9658EF96}.Release|Win32.Build.0 = Release|Win32
		{152CE948-F659-4206-A50A-1D2B9658EF96}.Static Debug|Win32.ActiveCfg = Static Debug|Win32
		{152CE948-F659-4206-A50A-1D2B9658EF96}.Static Debug|Win32.Build.0 = Static Debug|Win32
		{152CE948-F659-4206-A50A-1D2B9658EF96}.Static Release|Win32.ActiveCfg = Static Release|Win32
		{152CE948-F659-4206-A50A-1D2B9658EF96}.Static Release|Win32.Build.0 = Static Release|Win32
		{3CD4344E-D203-47E0-B97C-1870FD73C936}.Debug|Win32.ActiveCfg = Debug|Win32
		{3CD4344E-D203-47E0-B97C-1870FD73C936}.Debug|Win32.Build.0 = Debug|Win32
		{3CD4344E-D203-47E0-B97C-1870FD73C936}.ICU Debug|Win32.ActiveCfg = Debug|Win32
		{3CD4344E-D203-47E0-B97C-1870FD73C936}.ICU Debug|Win32.Build.0 = Debug|Win32
		{3CD4344E-D203-47E0-B97C-1870FD73C936}.ICU Release|Win32.ActiveCfg = Release|Win32
		{3CD4344E-D203-47E0-B97C-1870FD73C936}.ICU Release|Win32.Build.0 = Release|Win32
		{3CD4344E-D203-47E0-B97C-1870FD73C936}.Release|Win32.ActiveCfg = Release|Win32
		{3CD4344E-D203-47E0-B97C-1870FD73C936}.Release|Win32.Build.0 = Release|Win32
		{3CD4344E-D203-47E0-B97C-1870FD73C936}.Static Debug|Win32.ActiveCfg = Debug|Win32
		{3CD4344E-D203-47E0-B97C-1870FD73C936}.Static Debug|Win32.Build.0 = Debug|Win32
		{3CD4344E-D203-47E0-B97C-1870FD73C936}.Static Release|Win32.ActiveCfg = Release|Win32
		{3CD4344E-D203-47E0-B97C-1870FD73C936}.Static Release|Win32.Build.0 = Release|Win32
		{9D6A61F3-3E5F-4CA2-A640-BD6FF0FFDDE2}.Debug|Win32.ActiveCfg = Debug|Win32
		{9D6A61F3-3E5F-4CA2-A640-BD6FF0FFDDE2}.Debug|Win32.Build.0 = Debug|Win32
		{9D6A61F3-3E5F-4CA2-A640-BD6FF0FFDDE2}.ICU Debug|Win32.ActiveCfg = Debug|Win32
		{9D6A61F3-3E5F-4CA2-A640-BD6FF0FFDDE2}.ICU Debug|Win32.Build.0 = Debug|Win32
		{9D6A61F3-3E5F-4CA2-A640-BD6FF0FFDDE2}.ICU Release|Win32.ActiveCfg = Release|Win32
		{9D6A61F3-3E5F-4CA2-A640-BD6FF0FFDDE2}.ICU Release|Win32.Build.0 = Release|Win32
		{9D6A61F3-3E5F-4CA2-A640-BD6FF0FFDDE2}.Release|Win32.ActiveCfg = Release|Win32
		{9D6A61F3-3E5F-4CA2-A640-BD6FF0FFDDE2}.Release|Win32.Build.0 = Release|Win32
		{9D6A61F3-3E5F-4CA2-A640-BD6FF0FFDDE2}.Static Debug|Win32.ActiveCfg = Debug|Win32
		{9D6A61F3-3E5F-4CA2-A640-BD6FF0FFDDE2}.Static Debug|Win32.Build.0 = Debug|Win32
		{9D6A61F3-3E5F-4CA2-A640-BD6FF0FFDDE2}.Static Release|Win32.ActiveCfg = Release|Win32
		{9D6A61F3-3E5F-4CA2-A640-BD6FF0FFDDE2}.Static Release|Win32.Build.0 = Release|Win32
	EndGlobalSection
	GlobalSection(SolutionProperties) = preSolution
		HideSolutionNode = FALSE
	EndGlobalSection
EndGlobal
